
Microsoft Visual Studio Solution File, Format Version 12.00
# Visual Studio Version 16
VisualStudioVersion = 16.0.30717.126
MinimumVisualStudioVersion = 10.0.40219.1
Project("{FAE04EC0-301F-11D3-BF4B-00C04F79EFBC}") = "Samples", "Samples\Samples.csproj", "{70A0181D-4E49-44CA-8B83-6C87CD579318}"
EndProject
Global
	GlobalSection(SolutionConfigurationPlatforms) = preSolution
		Debug|Any CPU = Debug|Any CPU
		Release|Any CPU = Release|Any CPU
	EndGlobalSection
	GlobalSection(ProjectConfigurationPlatforms) = postSolution
		{70A0181D-4E49-44CA-8B83-6C87CD579318}.Debug|Any CPU.ActiveCfg = Debug|Any CPU
		{70A0181D-4E49-44CA-8B83-6C87CD579318}.Debug|Any CPU.Build.0 = Debug|Any CPU
		{70A0181D-4E49-44CA-8B83-6C87CD579318}.Release|Any CPU.ActiveCfg = Release|Any CPU
		{70A0181D-4E49-44CA-8B83-6C87CD579318}.Release|Any CPU.Build.0 = Release|Any CPU
	EndGlobalSection
	GlobalSection(SolutionProperties) = preSolution
		HideSolutionNode = FALSE
	EndGlobalSection
	GlobalSection(ExtensibilityGlobals) = postSolution
		SolutionGuid = {D0EE16C5-125F-4F50-B2B5-A84C962869FE}
	EndGlobalSection
EndGlobal
